// !$*UTF8*$!
{
	archiveVersion = 1;
	classes = {
	};
	objectVersion = 56;
	objects = {

/* Begin PBXBuildFile section */
		868F75792B0B0D4500B95169 /* GLBaseEffect.m in Sources */ = {isa = PBXBuildFile; fileRef = 868F75782B0B0D4500B95169 /* GLBaseEffect.m */; };
		868F757C2B0B499F00B95169 /* GLNV12Render.m in Sources */ = {isa = PBXBuildFile; fileRef = 868F757B2B0B499F00B95169 /* GLNV12Render.m */; };
		868F75802B0B62C700B95169 /* NV12Fragment.glsl in Resources */ = {isa = PBXBuildFile; fileRef = 868F757E2B0B62C700B95169 /* NV12Fragment.glsl */; };
		868F75812B0B62C700B95169 /* NV12Vertex.glsl in Resources */ = {isa = PBXBuildFile; fileRef = 868F757F2B0B62C700B95169 /* NV12Vertex.glsl */; };
		868F75842B0B632200B95169 /* I420Fragment.glsl in Resources */ = {isa = PBXBuildFile; fileRef = 868F75822B0B632200B95169 /* I420Fragment.glsl */; };
		868F75852B0B632200B95169 /* I420Vertex.glsl in Resources */ = {isa = PBXBuildFile; fileRef = 868F75832B0B632200B95169 /* I420Vertex.glsl */; };
		868F75882B0B7C4500B95169 /* GLShader.mm in Sources */ = {isa = PBXBuildFile; fileRef = 868F75872B0B7C4500B95169 /* GLShader.mm */; };
		869D1E4A2B07574900582F06 /* AppDelegate.swift in Sources */ = {isa = PBXBuildFile; fileRef = 869D1E492B07574900582F06 /* AppDelegate.swift */; };
		869D1E4C2B07574900582F06 /* SceneDelegate.swift in Sources */ = {isa = PBXBuildFile; fileRef = 869D1E4B2B07574900582F06 /* SceneDelegate.swift */; };
		869D1E4E2B07574900582F06 /* ViewController.swift in Sources */ = {isa = PBXBuildFile; fileRef = 869D1E4D2B07574900582F06 /* ViewController.swift */; };
		869D1E512B07574900582F06 /* Main.storyboard in Resources */ = {isa = PBXBuildFile; fileRef = 869D1E4F2B07574900582F06 /* Main.storyboard */; };
		869D1E532B07574B00582F06 /* Assets.xcassets in Resources */ = {isa = PBXBuildFile; fileRef = 869D1E522B07574B00582F06 /* Assets.xcassets */; };
		869D1E562B07574B00582F06 /* LaunchScreen.storyboard in Resources */ = {isa = PBXBuildFile; fileRef = 869D1E542B07574B00582F06 /* LaunchScreen.storyboard */; };
		869D1E5E2B075A0A00582F06 /* CameraFeedService.swift in Sources */ = {isa = PBXBuildFile; fileRef = 869D1E5D2B075A0A00582F06 /* CameraFeedService.swift */; };
		869D1E632B075A9E00582F06 /* GLRenderView.m in Sources */ = {isa = PBXBuildFile; fileRef = 869D1E622B075A9E00582F06 /* GLRenderView.m */; };
		869D1E672B075ADA00582F06 /* GLKit.framework in Frameworks */ = {isa = PBXBuildFile; fileRef = 869D1E652B075ADA00582F06 /* GLKit.framework */; };
		869D1E682B075ADA00582F06 /* OpenGLES.framework in Frameworks */ = {isa = PBXBuildFile; fileRef = 869D1E662B075ADA00582F06 /* OpenGLES.framework */; };
		869D1E6B2B07625700582F06 /* GLVideoFrame.m in Sources */ = {isa = PBXBuildFile; fileRef = 869D1E6A2B07625700582F06 /* GLVideoFrame.m */; };
		869D1E6E2B0764FF00582F06 /* GLYUVPlanarBuffer.m in Sources */ = {isa = PBXBuildFile; fileRef = 869D1E6D2B0764FF00582F06 /* GLYUVPlanarBuffer.m */; };
/* End PBXBuildFile section */

/* Begin PBXFileReference section */
		868F75772B0B0D4500B95169 /* GLBaseEffect.h */ = {isa = PBXFileReference; lastKnownFileType = sourcecode.c.h; path = GLBaseEffect.h; sourceTree = "<group>"; };
		868F75782B0B0D4500B95169 /* GLBaseEffect.m */ = {isa = PBXFileReference; lastKnownFileType = sourcecode.c.objc; path = GLBaseEffect.m; sourceTree = "<group>"; };
		868F757A2B0B499F00B95169 /* GLNV12Render.h */ = {isa = PBXFileReference; lastKnownFileType = sourcecode.c.h; path = GLNV12Render.h; sourceTree = "<group>"; };
		868F757B2B0B499F00B95169 /* GLNV12Render.m */ = {isa = PBXFileReference; lastKnownFileType = sourcecode.c.objc; path = GLNV12Render.m; sourceTree = "<group>"; };
		868F757E2B0B62C700B95169 /* NV12Fragment.glsl */ = {isa = PBXFileReference; fileEncoding = 4; lastKnownFileType = text; path = NV12Fragment.glsl; sourceTree = "<group>"; };
		868F757F2B0B62C700B95169 /* NV12Vertex.glsl */ = {isa = PBXFileReference; fileEncoding = 4; lastKnownFileType = text; path = NV12Vertex.glsl; sourceTree = "<group>"; };
		868F75822B0B632200B95169 /* I420Fragment.glsl */ = {isa = PBXFileReference; fileEncoding = 4; lastKnownFileType = text; path = I420Fragment.glsl; sourceTree = "<group>"; };
		868F75832B0B632200B95169 /* I420Vertex.glsl */ = {isa = PBXFileReference; fileEncoding = 4; lastKnownFileType = text; path = I420Vertex.glsl; sourceTree = "<group>"; };
		868F75862B0B7C4500B95169 /* GLShader.h */ = {isa = PBXFileReference; lastKnownFileType = sourcecode.c.h; path = GLShader.h; sourceTree = "<group>"; };
		868F75872B0B7C4500B95169 /* GLShader.mm */ = {isa = PBXFileReference; lastKnownFileType = sourcecode.cpp.objcpp; path = GLShader.mm; sourceTree = "<group>"; };
		869D1E462B07574900582F06 /* GLRender.app */ = {isa = PBXFileReference; explicitFileType = wrapper.application; includeInIndex = 0; path = GLRender.app; sourceTree = BUILT_PRODUCTS_DIR; };
		869D1E492B07574900582F06 /* AppDelegate.swift */ = {isa = PBXFileReference; lastKnownFileType = sourcecode.swift; path = AppDelegate.swift; sourceTree = "<group>"; };
		869D1E4B2B07574900582F06 /* SceneDelegate.swift */ = {isa = PBXFileReference; lastKnownFileType = sourcecode.swift; path = SceneDelegate.swift; sourceTree = "<group>"; };
		869D1E4D2B07574900582F06 /* ViewController.swift */ = {isa = PBXFileReference; lastKnownFileType = sourcecode.swift; path = ViewController.swift; sourceTree = "<group>"; };
		869D1E502B07574900582F06 /* Base */ = {isa = PBXFileReference; lastKnownFileType = file.storyboard; name = Base; path = Base.lproj/Main.storyboard; sourceTree = "<group>"; };
		869D1E522B07574B00582F06 /* Assets.xcassets */ = {isa = PBXFileReference; lastKnownFileType = folder.assetcatalog; path = Assets.xcassets; sourceTree = "<group>"; };
		869D1E552B07574B00582F06 /* Base */ = {isa = PBXFileReference; lastKnownFileType = file.storyboard; name = Base; path = Base.lproj/LaunchScreen.storyboard; sourceTree = "<group>"; };
		869D1E572B07574B00582F06 /* Info.plist */ = {isa = PBXFileReference; lastKnownFileType = text.plist.xml; path = Info.plist; sourceTree = "<group>"; };
		869D1E5D2B075A0A00582F06 /* CameraFeedService.swift */ = {isa = PBXFileReference; fileEncoding = 4; lastKnownFileType = sourcecode.swift; path = CameraFeedService.swift; sourceTree = "<group>"; };
		869D1E602B075A9E00582F06 /* GLRender-Bridging-Header.h */ = {isa = PBXFileReference; lastKnownFileType = sourcecode.c.h; path = "GLRender-Bridging-Header.h"; sourceTree = "<group>"; };
		869D1E612B075A9E00582F06 /* GLRenderView.h */ = {isa = PBXFileReference; lastKnownFileType = sourcecode.c.h; path = GLRenderView.h; sourceTree = "<group>"; };
		869D1E622B075A9E00582F06 /* GLRenderView.m */ = {isa = PBXFileReference; lastKnownFileType = sourcecode.c.objc; path = GLRenderView.m; sourceTree = "<group>"; };
		869D1E652B075ADA00582F06 /* GLKit.framework */ = {isa = PBXFileReference; lastKnownFileType = wrapper.framework; name = GLKit.framework; path = System/Library/Frameworks/GLKit.framework; sourceTree = SDKROOT; };
		869D1E662B075ADA00582F06 /* OpenGLES.framework */ = {isa = PBXFileReference; lastKnownFileType = wrapper.framework; name = OpenGLES.framework; path = System/Library/Frameworks/OpenGLES.framework; sourceTree = SDKROOT; };
		869D1E692B07625700582F06 /* GLVideoFrame.h */ = {isa = PBXFileReference; lastKnownFileType = sourcecode.c.h; path = GLVideoFrame.h; sourceTree = "<group>"; };
		869D1E6A2B07625700582F06 /* GLVideoFrame.m */ = {isa = PBXFileReference; lastKnownFileType = sourcecode.c.objc; path = GLVideoFrame.m; sourceTree = "<group>"; };
		869D1E6C2B0764FF00582F06 /* GLYUVPlanarBuffer.h */ = {isa = PBXFileReference; lastKnownFileType = sourcecode.c.h; path = GLYUVPlanarBuffer.h; sourceTree = "<group>"; };
		869D1E6D2B0764FF00582F06 /* GLYUVPlanarBuffer.m */ = {isa = PBXFileReference; lastKnownFileType = sourcecode.c.objc; path = GLYUVPlanarBuffer.m; sourceTree = "<group>"; };
/* End PBXFileReference section */

/* Begin PBXFrameworksBuildPhase section */
		869D1E432B07574900582F06 /* Frameworks */ = {
			isa = PBXFrameworksBuildPhase;
			buildActionMask = 2147483647;
			files = (
				869D1E672B075ADA00582F06 /* GLKit.framework in Frameworks */,
				869D1E682B075ADA00582F06 /* OpenGLES.framework in Frameworks */,
			);
			runOnlyForDeploymentPostprocessing = 0;
		};
/* End PBXFrameworksBuildPhase section */

/* Begin PBXGroup section */
		868F757D2B0B4A2C00B95169 /* shaders */ = {
			isa = PBXGroup;
			children = (
				868F75822B0B632200B95169 /* I420Fragment.glsl */,
				868F75832B0B632200B95169 /* I420Vertex.glsl */,
				868F757E2B0B62C700B95169 /* NV12Fragment.glsl */,
				868F757F2B0B62C700B95169 /* NV12Vertex.glsl */,
			);
			path = shaders;
			sourceTree = "<group>";
		};
		869D1E3D2B07574900582F06 = {
			isa = PBXGroup;
			children = (
				869D1E482B07574900582F06 /* GLRender */,
				869D1E472B07574900582F06 /* Products */,
				869D1E642B075AD900582F06 /* Frameworks */,
			);
			sourceTree = "<group>";
		};
		869D1E472B07574900582F06 /* Products */ = {
			isa = PBXGroup;
			children = (
				869D1E462B07574900582F06 /* GLRender.app */,
			);
			name = Products;
			sourceTree = "<group>";
		};
		869D1E482B07574900582F06 /* GLRender */ = {
			isa = PBXGroup;
			children = (
				869D1E5F2B075A2700582F06 /* Render */,
				869D1E5D2B075A0A00582F06 /* CameraFeedService.swift */,
				869D1E492B07574900582F06 /* AppDelegate.swift */,
				869D1E4B2B07574900582F06 /* SceneDelegate.swift */,
				869D1E4D2B07574900582F06 /* ViewController.swift */,
				869D1E4F2B07574900582F06 /* Main.storyboard */,
				869D1E522B07574B00582F06 /* Assets.xcassets */,
				869D1E542B07574B00582F06 /* LaunchScreen.storyboard */,
				869D1E572B07574B00582F06 /* Info.plist */,
			);
			path = GLRender;
			sourceTree = "<group>";
		};
		869D1E5F2B075A2700582F06 /* Render */ = {
			isa = PBXGroup;
			children = (
				868F757D2B0B4A2C00B95169 /* shaders */,
				869D1E612B075A9E00582F06 /* GLRenderView.h */,
				869D1E622B075A9E00582F06 /* GLRenderView.m */,
				869D1E602B075A9E00582F06 /* GLRender-Bridging-Header.h */,
				869D1E692B07625700582F06 /* GLVideoFrame.h */,
				869D1E6A2B07625700582F06 /* GLVideoFrame.m */,
				869D1E6C2B0764FF00582F06 /* GLYUVPlanarBuffer.h */,
				869D1E6D2B0764FF00582F06 /* GLYUVPlanarBuffer.m */,
				868F75772B0B0D4500B95169 /* GLBaseEffect.h */,
				868F75782B0B0D4500B95169 /* GLBaseEffect.m */,
				868F757A2B0B499F00B95169 /* GLNV12Render.h */,
				868F757B2B0B499F00B95169 /* GLNV12Render.m */,
				868F75862B0B7C4500B95169 /* GLShader.h */,
				868F75872B0B7C4500B95169 /* GLShader.mm */,
			);
			path = Render;
			sourceTree = "<group>";
		};
		869D1E642B075AD900582F06 /* Frameworks */ = {
			isa = PBXGroup;
			children = (
				869D1E652B075ADA00582F06 /* GLKit.framework */,
				869D1E662B075ADA00582F06 /* OpenGLES.framework */,
			);
			name = Frameworks;
			sourceTree = "<group>";
		};
/* End PBXGroup section */

/* Begin PBXNativeTarget section */
		869D1E452B07574900582F06 /* GLRender */ = {
			isa = PBXNativeTarget;
			buildConfigurationList = 869D1E5A2B07574B00582F06 /* Build configuration list for PBXNativeTarget "GLRender" */;
			buildPhases = (
				869D1E422B07574900582F06 /* Sources */,
				869D1E432B07574900582F06 /* Frameworks */,
				869D1E442B07574900582F06 /* Resources */,
			);
			buildRules = (
			);
			dependencies = (
			);
			name = GLRender;
			productName = GLRender;
			productReference = 869D1E462B07574900582F06 /* GLRender.app */;
			productType = "com.apple.product-type.application";
		};
/* End PBXNativeTarget section */

/* Begin PBXProject section */
		869D1E3E2B07574900582F06 /* Project object */ = {
			isa = PBXProject;
			attributes = {
				BuildIndependentTargetsInParallel = 1;
				LastSwiftUpdateCheck = 1500;
				LastUpgradeCheck = 1500;
				TargetAttributes = {
					869D1E452B07574900582F06 = {
						CreatedOnToolsVersion = 15.0.1;
						LastSwiftMigration = 1500;
					};
				};
			};
			buildConfigurationList = 869D1E412B07574900582F06 /* Build configuration list for PBXProject "GLRender" */;
			compatibilityVersion = "Xcode 14.0";
			developmentRegion = en;
			hasScannedForEncodings = 0;
			knownRegions = (
				en,
				Base,
			);
			mainGroup = 869D1E3D2B07574900582F06;
			productRefGroup = 869D1E472B07574900582F06 /* Products */;
			projectDirPath = "";
			projectRoot = "";
			targets = (
				869D1E452B07574900582F06 /* GLRender */,
			);
		};
/* End PBXProject section */

/* Begin PBXResourcesBuildPhase section */
		869D1E442B07574900582F06 /* Resources */ = {
			isa = PBXResourcesBuildPhase;
			buildActionMask = 2147483647;
			files = (
				868F75852B0B632200B95169 /* I420Vertex.glsl in Resources */,
				869D1E562B07574B00582F06 /* LaunchScreen.storyboard in Resources */,
				868F75802B0B62C700B95169 /* NV12Fragment.glsl in Resources */,
				869D1E532B07574B00582F06 /* Assets.xcassets in Resources */,
				868F75812B0B62C700B95169 /* NV12Vertex.glsl in Resources */,
				868F75842B0B632200B95169 /* I420Fragment.glsl in Resources */,
				869D1E512B07574900582F06 /* Main.storyboard in Resources */,
			);
			runOnlyForDeploymentPostprocessing = 0;
		};
/* End PBXResourcesBuildPhase section */

/* Begin PBXSourcesBuildPhase section */
		869D1E422B07574900582F06 /* Sources */ = {
			isa = PBXSourcesBuildPhase;
			buildActionMask = 2147483647;
			files = (
				869D1E6B2B07625700582F06 /* GLVideoFrame.m in Sources */,
				868F75882B0B7C4500B95169 /* GLShader.mm in Sources */,
				869D1E632B075A9E00582F06 /* GLRenderView.m in Sources */,
				868F757C2B0B499F00B95169 /* GLNV12Render.m in Sources */,
				869D1E6E2B0764FF00582F06 /* GLYUVPlanarBuffer.m in Sources */,
				869D1E5E2B075A0A00582F06 /* CameraFeedService.swift in Sources */,
				868F75792B0B0D4500B95169 /* GLBaseEffect.m in Sources */,
				869D1E4E2B07574900582F06 /* ViewController.swift in Sources */,
				869D1E4A2B07574900582F06 /* AppDelegate.swift in Sources */,
				869D1E4C2B07574900582F06 /* SceneDelegate.swift in Sources */,
			);
			runOnlyForDeploymentPostprocessing = 0;
		};
/* End PBXSourcesBuildPhase section */

/* Begin PBXVariantGroup section */
		869D1E4F2B07574900582F06 /* Main.storyboard */ = {
			isa = PBXVariantGroup;
			children = (
				869D1E502B07574900582F06 /* Base */,
			);
			name = Main.storyboard;
			sourceTree = "<group>";
		};
		869D1E542B07574B00582F06 /* LaunchScreen.storyboard */ = {
			isa = PBXVariantGroup;
			children = (
				869D1E552B07574B00582F06 /* Base */,
			);
			name = LaunchScreen.storyboard;
			sourceTree = "<group>";
		};
/* End PBXVariantGroup section */

/* Begin XCBuildConfiguration section */
		869D1E582B07574B00582F06 /* Debug */ = {
			isa = XCBuildConfiguration;
			buildSettings = {
				ALWAYS_SEARCH_USER_PATHS = NO;
				ASSETCATALOG_COMPILER_GENERATE_SWIFT_ASSET_SYMBOL_EXTENSIONS = YES;
				CLANG_ANALYZER_NONNULL = YES;
				CLANG_ANALYZER_NUMBER_OBJECT_CONVERSION = YES_AGGRESSIVE;
				CLANG_CXX_LANGUAGE_STANDARD = "gnu++20";
				CLANG_ENABLE_MODULES = YES;
				CLANG_ENABLE_OBJC_ARC = YES;
				CLANG_ENABLE_OBJC_WEAK = YES;
				CLANG_WARN_BLOCK_CAPTURE_AUTORELEASING = YES;
				CLANG_WARN_BOOL_CONVERSION = YES;
				CLANG_WARN_COMMA = YES;
				CLANG_WARN_CONSTANT_CONVERSION = YES;
				CLANG_WARN_DEPRECATED_OBJC_IMPLEMENTATIONS = YES;
				CLANG_WARN_DIRECT_OBJC_ISA_USAGE = YES_ERROR;
				CLANG_WARN_DOCUMENTATION_COMMENTS = YES;
				CLANG_WARN_EMPTY_BODY = YES;
				CLANG_WARN_ENUM_CONVERSION = YES;
				CLANG_WARN_INFINITE_RECURSION = YES;
				CLANG_WARN_INT_CONVERSION = YES;
				CLANG_WARN_NON_LITERAL_NULL_CONVERSION = YES;
				CLANG_WARN_OBJC_IMPLICIT_RETAIN_SELF = YES;
				CLANG_WARN_OBJC_LITERAL_CONVERSION = YES;
				CLANG_WARN_OBJC_ROOT_CLASS = YES_ERROR;
				CLANG_WARN_QUOTED_INCLUDE_IN_FRAMEWORK_HEADER = YES;
				CLANG_WARN_RANGE_LOOP_ANALYSIS = YES;
				CLANG_WARN_STRICT_PROTOTYPES = YES;
				CLANG_WARN_SUSPICIOUS_MOVE = YES;
				CLANG_WARN_UNGUARDED_AVAILABILITY = YES_AGGRESSIVE;
				CLANG_WARN_UNREACHABLE_CODE = YES;
				CLANG_WARN__DUPLICATE_METHOD_MATCH = YES;
				COPY_PHASE_STRIP = NO;
				DEBUG_INFORMATION_FORMAT = dwarf;
				ENABLE_STRICT_OBJC_MSGSEND = YES;
				ENABLE_TESTABILITY = YES;
				ENABLE_USER_SCRIPT_SANDBOXING = YES;
				GCC_C_LANGUAGE_STANDARD = gnu17;
				GCC_DYNAMIC_NO_PIC = NO;
				GCC_NO_COMMON_BLOCKS = YES;
				GCC_OPTIMIZATION_LEVEL = 0;
				GCC_PREPROCESSOR_DEFINITIONS = (
					"DEBUG=1",
					"$(inherited)",
				);
				GCC_WARN_64_TO_32_BIT_CONVERSION = YES;
				GCC_WARN_ABOUT_RETURN_TYPE = YES_ERROR;
				GCC_WARN_UNDECLARED_SELECTOR = YES;
				GCC_WARN_UNINITIALIZED_AUTOS = YES_AGGRESSIVE;
				GCC_WARN_UNUSED_FUNCTION = YES;
				GCC_WARN_UNUSED_VARIABLE = YES;
				IPHONEOS_DEPLOYMENT_TARGET = 17.0;
				LOCALIZATION_PREFERS_STRING_CATALOGS = YES;
				MTL_ENABLE_DEBUG_INFO = INCLUDE_SOURCE;
				MTL_FAST_MATH = YES;
				ONLY_ACTIVE_ARCH = YES;
				SDKROOT = iphoneos;
				SWIFT_ACTIVE_COMPILATION_CONDITIONS = "DEBUG $(inherited)";
				SWIFT_OPTIMIZATION_LEVEL = "-Onone";
			};
			name = Debug;
		};
		869D1E592B07574B00582F06 /* Release */ = {
			isa = XCBuildConfiguration;
			buildSettings = {
				ALWAYS_SEARCH_USER_PATHS = NO;
				ASSETCATALOG_COMPILER_GENERATE_SWIFT_ASSET_SYMBOL_EXTENSIONS = YES;
				CLANG_ANALYZER_NONNULL = YES;
				CLANG_ANALYZER_NUMBER_OBJECT_CONVERSION = YES_AGGRESSIVE;
				CLANG_CXX_LANGUAGE_STANDARD = "gnu++20";
				CLANG_ENABLE_MODULES = YES;
				CLANG_ENABLE_OBJC_ARC = YES;
				CLANG_ENABLE_OBJC_WEAK = YES;
				CLANG_WARN_BLOCK_CAPTURE_AUTORELEASING = YES;
				CLANG_WARN_BOOL_CONVERSION = YES;
				CLANG_WARN_COMMA = YES;
				CLANG_WARN_CONSTANT_CONVERSION = YES;
				CLANG_WARN_DEPRECATED_OBJC_IMPLEMENTATIONS = YES;
				CLANG_WARN_DIRECT_OBJC_ISA_USAGE = YES_ERROR;
				CLANG_WARN_DOCUMENTATION_COMMENTS = YES;
				CLANG_WARN_EMPTY_BODY = YES;
				CLANG_WARN_ENUM_CONVERSION = YES;
				CLANG_WARN_INFINITE_RECURSION = YES;
				CLANG_WARN_INT_CONVERSION = YES;
				CLANG_WARN_NON_LITERAL_NULL_CONVERSION = YES;
				CLANG_WARN_OBJC_IMPLICIT_RETAIN_SELF = YES;
				CLANG_WARN_OBJC_LITERAL_CONVERSION = YES;
				CLANG_WARN_OBJC_ROOT_CLASS = YES_ERROR;
				CLANG_WARN_QUOTED_INCLUDE_IN_FRAMEWORK_HEADER = YES;
				CLANG_WARN_RANGE_LOOP_ANALYSIS = YES;
				CLANG_WARN_STRICT_PROTOTYPES = YES;
				CLANG_WARN_SUSPICIOUS_MOVE = YES;
				CLANG_WARN_UNGUARDED_AVAILABILITY = YES_AGGRESSIVE;
				CLANG_WARN_UNREACHABLE_CODE = YES;
				CLANG_WARN__DUPLICATE_METHOD_MATCH = YES;
				COPY_PHASE_STRIP = NO;
				DEBUG_INFORMATION_FORMAT = "dwarf-with-dsym";
				ENABLE_NS_ASSERTIONS = NO;
				ENABLE_STRICT_OBJC_MSGSEND = YES;
				ENABLE_USER_SCRIPT_SANDBOXING = YES;
				GCC_C_LANGUAGE_STANDARD = gnu17;
				GCC_NO_COMMON_BLOCKS = YES;
				GCC_WARN_64_TO_32_BIT_CONVERSION = YES;
				GCC_WARN_ABOUT_RETURN_TYPE = YES_ERROR;
				GCC_WARN_UNDECLARED_SELECTOR = YES;
				GCC_WARN_UNINITIALIZED_AUTOS = YES_AGGRESSIVE;
				GCC_WARN_UNUSED_FUNCTION = YES;
				GCC_WARN_UNUSED_VARIABLE = YES;
				IPHONEOS_DEPLOYMENT_TARGET = 17.0;
				LOCALIZATION_PREFERS_STRING_CATALOGS = YES;
				MTL_ENABLE_DEBUG_INFO = NO;
				MTL_FAST_MATH = YES;
				SDKROOT = iphoneos;
				SWIFT_COMPILATION_MODE = wholemodule;
				VALIDATE_PRODUCT = YES;
			};
			name = Release;
		};
		869D1E5B2B07574B00582F06 /* Debug */ = {
			isa = XCBuildConfiguration;
			buildSettings = {
				ASSETCATALOG_COMPILER_APPICON_NAME = AppIcon;
				ASSETCATALOG_COMPILER_GLOBAL_ACCENT_COLOR_NAME = AccentColor;
				CLANG_ENABLE_MODULES = YES;
				CODE_SIGN_STYLE = Automatic;
				CURRENT_PROJECT_VERSION = 1;
				DEVELOPMENT_TEAM = X76N6QQX9B;
				GCC_WARN_ABOUT_DEPRECATED_FUNCTIONS = NO;
				GENERATE_INFOPLIST_FILE = YES;
				INFOPLIST_FILE = GLRender/Info.plist;
				INFOPLIST_KEY_UIApplicationSupportsIndirectInputEvents = YES;
				INFOPLIST_KEY_UILaunchStoryboardName = LaunchScreen;
				INFOPLIST_KEY_UIMainStoryboardFile = Main;
				INFOPLIST_KEY_UISupportedInterfaceOrientations_iPad = "UIInterfaceOrientationPortrait UIInterfaceOrientationPortraitUpsideDown UIInterfaceOrientationLandscapeLeft UIInterfaceOrientationLandscapeRight";
				INFOPLIST_KEY_UISupportedInterfaceOrientations_iPhone = "UIInterfaceOrientationPortrait UIInterfaceOrientationLandscapeLeft UIInterfaceOrientationLandscapeRight";
				IPHONEOS_DEPLOYMENT_TARGET = 13.0;
				LD_RUNPATH_SEARCH_PATHS = (
					"$(inherited)",
					"@executable_path/Frameworks",
				);
				MARKETING_VERSION = 1.0;
				PRODUCT_BUNDLE_IDENTIFIER = com.axzt.GLRender;
				PRODUCT_NAME = "$(TARGET_NAME)";
				SWIFT_EMIT_LOC_STRINGS = YES;
				SWIFT_OBJC_BRIDGING_HEADER = "GLRender/Render/GLRender-Bridging-Header.h";
				SWIFT_OPTIMIZATION_LEVEL = "-Onone";
				SWIFT_VERSION = 5.0;
				TARGETED_DEVICE_FAMILY = "1,2";
			};
			name = Debug;
		};
		869D1E5C2B07574B00582F06 /* Release */ = {
			isa = XCBuildConfiguration;
			buildSettings = {
				ASSETCATALOG_COMPILER_APPICON_NAME = AppIcon;
				ASSETCATALOG_COMPILER_GLOBAL_ACCENT_COLOR_NAME = AccentColor;
				CLANG_ENABLE_MODULES = YES;
				CODE_SIGN_STYLE = Automatic;
				CURRENT_PROJECT_VERSION = 1;
				DEVELOPMENT_TEAM = X76N6QQX9B;
				GCC_WARN_ABOUT_DEPRECATED_FUNCTIONS = NO;
				GENERATE_INFOPLIST_FILE = YES;
				INFOPLIST_FILE = GLRender/Info.plist;
				INFOPLIST_KEY_UIApplicationSupportsIndirectInputEvents = YES;
				INFOPLIST_KEY_UILaunchStoryboardName = LaunchScreen;
				INFOPLIST_KEY_UIMainStoryboardFile = Main;
				INFOPLIST_KEY_UISupportedInterfaceOrientations_iPad = "UIInterfaceOrientationPortrait UIInterfaceOrientationPortraitUpsideDown UIInterfaceOrientationLandscapeLeft UIInterfaceOrientationLandscapeRight";
				INFOPLIST_KEY_UISupportedInterfaceOrientations_iPhone = "UIInterfaceOrientationPortrait UIInterfaceOrientationLandscapeLeft UIInterfaceOrientationLandscapeRight";
				IPHONEOS_DEPLOYMENT_TARGET = 13.0;
				LD_RUNPATH_SEARCH_PATHS = (
					"$(inherited)",
					"@executable_path/Frameworks",
				);
				MARKETING_VERSION = 1.0;
				PRODUCT_BUNDLE_IDENTIFIER = com.axzt.GLRender;
				PRODUCT_NAME = "$(TARGET_NAME)";
				SWIFT_EMIT_LOC_STRINGS = YES;
				SWIFT_OBJC_BRIDGING_HEADER = "GLRender/Render/GLRender-Bridging-Header.h";
				SWIFT_VERSION = 5.0;
				TARGETED_DEVICE_FAMILY = "1,2";
			};
			name = Release;
		};
/* End XCBuildConfiguration section */

/* Begin XCConfigurationList section */
		869D1E412B07574900582F06 /* Build configuration list for PBXProject "GLRender" */ = {
			isa = XCConfigurationList;
			buildConfigurations = (
				869D1E582B07574B00582F06 /* Debug */,
				869D1E592B07574B00582F06 /* Release */,
			);
			defaultConfigurationIsVisible = 0;
			defaultConfigurationName = Release;
		};
		869D1E5A2B07574B00582F06 /* Build configuration list for PBXNativeTarget "GLRender" */ = {
			isa = XCConfigurationList;
			buildConfigurations = (
				869D1E5B2B07574B00582F06 /* Debug */,
				869D1E5C2B07574B00582F06 /* Release */,
			);
			defaultConfigurationIsVisible = 0;
			defaultConfigurationName = Release;
		};
/* End XCConfigurationList section */
	};
	rootObject = 869D1E3E2B07574900582F06 /* Project object */;
}
